// !$*UTF8*$!
{
	archiveVersion = 1;
	classes = {
	};
	objectVersion = 46;
	objects = {

/* Begin PBXBuildFile section */
		1FBA1A0D1DFBBF9700D1297C /* libassimp.3.1.1.dylib in Frameworks */ = {isa = PBXBuildFile; fileRef = 1FBA1A0C1DFBBF9700D1297C /* libassimp.3.1.1.dylib */; };
		1FBA1A341DFBF30400D1297C /* framebuffers_screen_texture.cpp in Sources */ = {isa = PBXBuildFile; fileRef = 1FBA1A331DFBF30400D1297C /* framebuffers_screen_texture.cpp */; };
		1FBA1A391DFBF31F00D1297C /* framebuffers_screen.frag in CopyFiles */ = {isa = PBXBuildFile; fileRef = 1FBA1A351DFBF30B00D1297C /* framebuffers_screen.frag */; };
		1FBA1A3A1DFBF31F00D1297C /* framebuffers_screen.vs in CopyFiles */ = {isa = PBXBuildFile; fileRef = 1FBA1A361DFBF30B00D1297C /* framebuffers_screen.vs */; };
		1FBA1A3B1DFBF31F00D1297C /* framebuffers.frag in CopyFiles */ = {isa = PBXBuildFile; fileRef = 1FBA1A371DFBF30B00D1297C /* framebuffers.frag */; };
		1FBA1A3C1DFBF31F00D1297C /* framebuffers.vs in CopyFiles */ = {isa = PBXBuildFile; fileRef = 1FBA1A381DFBF30B00D1297C /* framebuffers.vs */; };
		1FBA1A3D1DFBF34E00D1297C /* metal.png in CopyFiles */ = {isa = PBXBuildFile; fileRef = 1FBA1A121DFBC2EE00D1297C /* metal.png */; };
		1FBA1A3E1DFBF34E00D1297C /* container.jpg in CopyFiles */ = {isa = PBXBuildFile; fileRef = 1F10DCD31DF3E91000BEF58E /* container.jpg */; };
		840C0ED01DF1451700B25EB1 /* IOKit.framework in Frameworks */ = {isa = PBXBuildFile; fileRef = 840C0ECF1DF1451700B25EB1 /* IOKit.framework */; };
		840C0ED21DF1452100B25EB1 /* OpenGL.framework in Frameworks */ = {isa = PBXBuildFile; fileRef = 840C0ED11DF1452100B25EB1 /* OpenGL.framework */; };
		840C0ED41DF1452B00B25EB1 /* CoreVideo.framework in Frameworks */ = {isa = PBXBuildFile; fileRef = 840C0ED31DF1452B00B25EB1 /* CoreVideo.framework */; };
		840C0ED61DF1453200B25EB1 /* Cocoa.framework in Frameworks */ = {isa = PBXBuildFile; fileRef = 840C0ED51DF1453200B25EB1 /* Cocoa.framework */; };
		840C0EDF1DF1467900B25EB1 /* libGLEW.a in Frameworks */ = {isa = PBXBuildFile; fileRef = 840C0EDC1DF1467900B25EB1 /* libGLEW.a */; };
		840C0EE01DF1467900B25EB1 /* libglfw3.a in Frameworks */ = {isa = PBXBuildFile; fileRef = 840C0EDD1DF1467900B25EB1 /* libglfw3.a */; };
		840C0EE11DF1467900B25EB1 /* libSOIL.a in Frameworks */ = {isa = PBXBuildFile; fileRef = 840C0EDE1DF1467900B25EB1 /* libSOIL.a */; };
/* End PBXBuildFile section */

/* Begin PBXCopyFilesBuildPhase section */
		840C0EC21DF144AA00B25EB1 /* CopyFiles */ = {
			isa = PBXCopyFilesBuildPhase;
			buildActionMask = 12;
			dstPath = "";
			dstSubfolderSpec = 16;
			files = (
				1FBA1A3D1DFBF34E00D1297C /* metal.png in CopyFiles */,
				1FBA1A3E1DFBF34E00D1297C /* container.jpg in CopyFiles */,
				1FBA1A391DFBF31F00D1297C /* framebuffers_screen.frag in CopyFiles */,
				1FBA1A3A1DFBF31F00D1297C /* framebuffers_screen.vs in CopyFiles */,
				1FBA1A3B1DFBF31F00D1297C /* framebuffers.frag in CopyFiles */,
				1FBA1A3C1DFBF31F00D1297C /* framebuffers.vs in CopyFiles */,
			);
			runOnlyForDeploymentPostprocessing = 0;
		};
/* End PBXCopyFilesBuildPhase section */

/* Begin PBXFileReference section */
		1F10DCD21DF3E91000BEF58E /* awesomeface.png */ = {isa = PBXFileReference; lastKnownFileType = image.png; path = awesomeface.png; sourceTree = "<group>"; };
		1F10DCD31DF3E91000BEF58E /* container.jpg */ = {isa = PBXFileReference; lastKnownFileType = image.jpeg; path = container.jpg; sourceTree = "<group>"; };
		1F212F1A1DF869B2005FE3A8 /* arm_dif.png */ = {isa = PBXFileReference; lastKnownFileType = image.png; path = arm_dif.png; sourceTree = "<group>"; };
		1F212F1B1DF869B2005FE3A8 /* arm_showroom_ddn.png */ = {isa = PBXFileReference; lastKnownFileType = image.png; path = arm_showroom_ddn.png; sourceTree = "<group>"; };
		1F212F1C1DF869B2005FE3A8 /* arm_showroom_refl.png */ = {isa = PBXFileReference; lastKnownFileType = image.png; path = arm_showroom_refl.png; sourceTree = "<group>"; };
		1F212F1D1DF869B2005FE3A8 /* arm_showroom_spec.png */ = {isa = PBXFileReference; lastKnownFileType = image.png; path = arm_showroom_spec.png; sourceTree = "<group>"; };
		1F212F1E1DF869B2005FE3A8 /* back.jpg */ = {isa = PBXFileReference; lastKnownFileType = image.jpeg; path = back.jpg; sourceTree = "<group>"; };
		1F212F1F1DF869B2005FE3A8 /* body_dif.png */ = {isa = PBXFileReference; lastKnownFileType = image.png; path = body_dif.png; sourceTree = "<group>"; };
		1F212F201DF869B2005FE3A8 /* body_showroom_ddn.png */ = {isa = PBXFileReference; lastKnownFileType = image.png; path = body_showroom_ddn.png; sourceTree = "<group>"; };
		1F212F211DF869B2005FE3A8 /* body_showroom_refl.png */ = {isa = PBXFileReference; lastKnownFileType = image.png; path = body_showroom_refl.png; sourceTree = "<group>"; };
		1F212F221DF869B2005FE3A8 /* body_showroom_spec.png */ = {isa = PBXFileReference; lastKnownFileType = image.png; path = body_showroom_spec.png; sourceTree = "<group>"; };
		1F212F231DF869B2005FE3A8 /* cell_arm_alpha.png */ = {isa = PBXFileReference; lastKnownFileType = image.png; path = cell_arm_alpha.png; sourceTree = "<group>"; };
		1F212F241DF869B2005FE3A8 /* cell_body_alpha.png */ = {isa = PBXFileReference; lastKnownFileType = image.png; path = cell_body_alpha.png; sourceTree = "<group>"; };
		1F212F251DF869B2005FE3A8 /* cell_ddn.png */ = {isa = PBXFileReference; lastKnownFileType = image.png; path = cell_ddn.png; sourceTree = "<group>"; };
		1F212F261DF869B2005FE3A8 /* cell_hand_alpha.png */ = {isa = PBXFileReference; lastKnownFileType = image.png; path = cell_hand_alpha.png; sourceTree = "<group>"; };
		1F212F271DF869B2005FE3A8 /* cell_helmet_alpha.png */ = {isa = PBXFileReference; lastKnownFileType = image.png; path = cell_helmet_alpha.png; sourceTree = "<group>"; };
		1F212F281DF869B2005FE3A8 /* cell_leg_alpha.png */ = {isa = PBXFileReference; lastKnownFileType = image.png; path = cell_leg_alpha.png; sourceTree = "<group>"; };
		1F212F291DF869B2005FE3A8 /* front.jpg */ = {isa = PBXFileReference; lastKnownFileType = image.jpeg; path = front.jpg; sourceTree = "<group>"; };
		1F212F2A1DF869B2005FE3A8 /* glass_ddn.png */ = {isa = PBXFileReference; lastKnownFileType = image.png; path = glass_ddn.png; sourceTree = "<group>"; };
		1F212F2B1DF869B2005FE3A8 /* glass_dif.png */ = {isa = PBXFileReference; lastKnownFileType = image.png; path = glass_dif.png; sourceTree = "<group>"; };
		1F212F2C1DF869B2005FE3A8 /* glass_refl.png */ = {isa = PBXFileReference; lastKnownFileType = image.png; path = glass_refl.png; sourceTree = "<group>"; };
		1F212F2D1DF869B2005FE3A8 /* hand_dif.png */ = {isa = PBXFileReference; lastKnownFileType = image.png; path = hand_dif.png; sourceTree = "<group>"; };
		1F212F2E1DF869B2005FE3A8 /* hand_showroom_ddn.png */ = {isa = PBXFileReference; lastKnownFileType = image.png; path = hand_showroom_ddn.png; sourceTree = "<group>"; };
		1F212F2F1DF869B2005FE3A8 /* hand_showroom_refl.png */ = {isa = PBXFileReference; lastKnownFileType = image.png; path = hand_showroom_refl.png; sourceTree = "<group>"; };
		1F212F301DF869B2005FE3A8 /* hand_showroom_spec.png */ = {isa = PBXFileReference; lastKnownFileType = image.png; path = hand_showroom_spec.png; sourceTree = "<group>"; };
		1F212F311DF869B2005FE3A8 /* helmet_diff.png */ = {isa = PBXFileReference; lastKnownFileType = image.png; path = helmet_diff.png; sourceTree = "<group>"; };
		1F212F321DF869B2005FE3A8 /* helmet_showroom_ddn.png */ = {isa = PBXFileReference; lastKnownFileType = image.png; path = helmet_showroom_ddn.png; sourceTree = "<group>"; };
		1F212F331DF869B2005FE3A8 /* helmet_showroom_refl.png */ = {isa = PBXFileReference; lastKnownFileType = image.png; path = helmet_showroom_refl.png; sourceTree = "<group>"; };
		1F212F341DF869B2005FE3A8 /* helmet_showroom_spec.png */ = {isa = PBXFileReference; lastKnownFileType = image.png; path = helmet_showroom_spec.png; sourceTree = "<group>"; };
		1F212F351DF869B2005FE3A8 /* leg_dif.png */ = {isa = PBXFileReference; lastKnownFileType = image.png; path = leg_dif.png; sourceTree = "<group>"; };
		1F212F361DF869B2005FE3A8 /* leg_showroom_ddn.png */ = {isa = PBXFileReference; lastKnownFileType = image.png; path = leg_showroom_ddn.png; sourceTree = "<group>"; };
		1F212F371DF869B2005FE3A8 /* leg_showroom_refl.png */ = {isa = PBXFileReference; lastKnownFileType = image.png; path = leg_showroom_refl.png; sourceTree = "<group>"; };
		1F212F381DF869B2005FE3A8 /* leg_showroom_spec.png */ = {isa = PBXFileReference; lastKnownFileType = image.png; path = leg_showroom_spec.png; sourceTree = "<group>"; };
		1F212F391DF869B2005FE3A8 /* nanosuit.blend */ = {isa = PBXFileReference; lastKnownFileType = file; path = nanosuit.blend; sourceTree = "<group>"; };
		1F212F3A1DF869B2005FE3A8 /* nanosuit.mtl */ = {isa = PBXFileReference; lastKnownFileType = text; path = nanosuit.mtl; sourceTree = "<group>"; };
		1F212F3B1DF869B2005FE3A8 /* nanosuit.obj */ = {isa = PBXFileReference; lastKnownFileType = text; path = nanosuit.obj; sourceTree = "<group>"; };
		1F7AEA251DF710FA00D792E0 /* myMultipleLights.cpp */ = {isa = PBXFileReference; fileEncoding = 4; lastKnownFileType = sourcecode.cpp.cpp; path = myMultipleLights.cpp; sourceTree = "<group>"; };
		1F7AEA271DF7116100D792E0 /* multiple_lights.frag */ = {isa = PBXFileReference; lastKnownFileType = sourcecode.glsl; path = multiple_lights.frag; sourceTree = "<group>"; };
		1F7AEA281DF7116100D792E0 /* multiple_lights.vs */ = {isa = PBXFileReference; lastKnownFileType = sourcecode.glsl; path = multiple_lights.vs; sourceTree = "<group>"; };
		1F7AEA2E1DF7242700D792E0 /* model_rendered.cpp */ = {isa = PBXFileReference; fileEncoding = 4; lastKnownFileType = sourcecode.cpp.cpp; path = model_rendered.cpp; sourceTree = "<group>"; };
		1F7AEA2F1DF7242700D792E0 /* shader.frag */ = {isa = PBXFileReference; fileEncoding = 4; lastKnownFileType = sourcecode.glsl; path = shader.frag; sourceTree = "<group>"; };
		1F7AEA301DF7242700D792E0 /* shader.vs */ = {isa = PBXFileReference; fileEncoding = 4; lastKnownFileType = sourcecode.glsl; path = shader.vs; sourceTree = "<group>"; };
		1F8100771DF424C300033213 /* basic.frag */ = {isa = PBXFileReference; lastKnownFileType = sourcecode.glsl; path = basic.frag; sourceTree = "<group>"; };
		1F8100781DF424C300033213 /* basic.vs */ = {isa = PBXFileReference; lastKnownFileType = sourcecode.glsl; path = basic.vs; sourceTree = "<group>"; };
		1F8100791DF424C300033213 /* coordinate.cpp */ = {isa = PBXFileReference; lastKnownFileType = sourcecode.cpp.cpp; path = coordinate.cpp; sourceTree = "<group>"; };
		1F81007A1DF424C300033213 /* coordinate.frag */ = {isa = PBXFileReference; lastKnownFileType = sourcecode.glsl; path = coordinate.frag; sourceTree = "<group>"; };
		1F81007B1DF424C300033213 /* coordinate.vs */ = {isa = PBXFileReference; lastKnownFileType = sourcecode.glsl; path = coordinate.vs; sourceTree = "<group>"; };
		1F81007C1DF424C300033213 /* hellotriangle.cpp */ = {isa = PBXFileReference; lastKnownFileType = sourcecode.cpp.cpp; path = hellotriangle.cpp; sourceTree = "<group>"; };
		1F81007D1DF424C300033213 /* hellowindow2.cpp */ = {isa = PBXFileReference; lastKnownFileType = sourcecode.cpp.cpp; path = hellowindow2.cpp; sourceTree = "<group>"; };
		1F81007E1DF424C300033213 /* mytextures.cpp */ = {isa = PBXFileReference; lastKnownFileType = sourcecode.cpp.cpp; path = mytextures.cpp; sourceTree = "<group>"; };
		1F81007F1DF424C300033213 /* texture.frag */ = {isa = PBXFileReference; lastKnownFileType = sourcecode.glsl; path = texture.frag; sourceTree = "<group>"; };
		1F8100801DF424C300033213 /* texture.vs */ = {isa = PBXFileReference; lastKnownFileType = sourcecode.glsl; path = texture.vs; sourceTree = "<group>"; };
		1F8100811DF424C300033213 /* transform.frag */ = {isa = PBXFileReference; lastKnownFileType = sourcecode.glsl; path = transform.frag; sourceTree = "<group>"; };
		1F8100821DF424C300033213 /* transform.vs */ = {isa = PBXFileReference; lastKnownFileType = sourcecode.glsl; path = transform.vs; sourceTree = "<group>"; };
		1F8100831DF424C300033213 /* transformations.cpp */ = {isa = PBXFileReference; lastKnownFileType = sourcecode.cpp.cpp; path = transformations.cpp; sourceTree = "<group>"; };
		1F8100851DF425E400033213 /* mylighting.cpp */ = {isa = PBXFileReference; fileEncoding = 4; lastKnownFileType = sourcecode.cpp.cpp; path = mylighting.cpp; sourceTree = "<group>"; };
		1F8100871DF427A200033213 /* colors.frag */ = {isa = PBXFileReference; lastKnownFileType = sourcecode.glsl; path = colors.frag; sourceTree = "<group>"; };
		1F8100881DF427A200033213 /* colors.vs */ = {isa = PBXFileReference; lastKnownFileType = sourcecode.glsl; path = colors.vs; sourceTree = "<group>"; };
		1F8100891DF427A200033213 /* lamp.frag */ = {isa = PBXFileReference; lastKnownFileType = sourcecode.glsl; path = lamp.frag; sourceTree = "<group>"; };
		1F81008A1DF427A200033213 /* lamp.vs */ = {isa = PBXFileReference; lastKnownFileType = sourcecode.glsl; path = lamp.vs; sourceTree = "<group>"; };
		1F81008F1DF4403100033213 /* lighting.frag */ = {isa = PBXFileReference; lastKnownFileType = sourcecode.glsl; path = lighting.frag; sourceTree = "<group>"; };
		1F8100901DF4403100033213 /* lighting.vs */ = {isa = PBXFileReference; lastKnownFileType = sourcecode.glsl; path = lighting.vs; sourceTree = "<group>"; };
		1FBA1A0C1DFBBF9700D1297C /* libassimp.3.1.1.dylib */ = {isa = PBXFileReference; lastKnownFileType = "compiled.mach-o.dylib"; name = libassimp.3.1.1.dylib; path = MYLearnOpenGL/lib/libassimp.3.1.1.dylib; sourceTree = "<group>"; };
		1FBA1A0F1DFBC21200D1297C /* depthTestingFunc.cpp */ = {isa = PBXFileReference; fileEncoding = 4; lastKnownFileType = sourcecode.cpp.cpp; path = depthTestingFunc.cpp; sourceTree = "<group>"; };
		1FBA1A111DFBC2EE00D1297C /* marble.jpg */ = {isa = PBXFileReference; lastKnownFileType = image.jpeg; path = marble.jpg; sourceTree = "<group>"; };
		1FBA1A121DFBC2EE00D1297C /* metal.png */ = {isa = PBXFileReference; lastKnownFileType = image.png; path = metal.png; sourceTree = "<group>"; };
		1FBA1A131DFBC32600D1297C /* depth_testing.frag */ = {isa = PBXFileReference; lastKnownFileType = sourcecode.glsl; path = depth_testing.frag; sourceTree = "<group>"; };
		1FBA1A141DFBC32600D1297C /* depth_testing.vs */ = {isa = PBXFileReference; lastKnownFileType = sourcecode.glsl; path = depth_testing.vs; sourceTree = "<group>"; };
		1FBA1A191DFBD42600D1297C /* stencil_single_color.frag */ = {isa = PBXFileReference; fileEncoding = 4; lastKnownFileType = sourcecode.glsl; path = stencil_single_color.frag; sourceTree = "<group>"; };
		1FBA1A1A1DFBD42600D1297C /* stencil_testing.frag */ = {isa = PBXFileReference; fileEncoding = 4; lastKnownFileType = sourcecode.glsl; path = stencil_testing.frag; sourceTree = "<group>"; };
		1FBA1A1B1DFBD42600D1297C /* stencil_testing.vs */ = {isa = PBXFileReference; fileEncoding = 4; lastKnownFileType = sourcecode.glsl; path = stencil_testing.vs; sourceTree = "<group>"; };
		1FBA1A1C1DFBD42600D1297C /* stencilTesting.cpp */ = {isa = PBXFileReference; fileEncoding = 4; lastKnownFileType = sourcecode.cpp.cpp; path = stencilTesting.cpp; sourceTree = "<group>"; };
		1FBA1A211DFBDEBD00D1297C /* blending_discard.cpp */ = {isa = PBXFileReference; fileEncoding = 4; lastKnownFileType = sourcecode.cpp.cpp; path = blending_discard.cpp; sourceTree = "<group>"; };
		1FBA1A221DFBDEBD00D1297C /* blending_discard.frag */ = {isa = PBXFileReference; fileEncoding = 4; lastKnownFileType = sourcecode.glsl; path = blending_discard.frag; sourceTree = "<group>"; };
		1FBA1A231DFBDEBD00D1297C /* blending_discard.vs */ = {isa = PBXFileReference; fileEncoding = 4; lastKnownFileType = sourcecode.glsl; path = blending_discard.vs; sourceTree = "<group>"; };
		1FBA1A251DFBDFE300D1297C /* grass.png */ = {isa = PBXFileReference; lastKnownFileType = image.png; path = grass.png; sourceTree = "<group>"; };
		1FBA1A2B1DFBE3F200D1297C /* blending_sorted.frag */ = {isa = PBXFileReference; lastKnownFileType = sourcecode.glsl; path = blending_sorted.frag; sourceTree = "<group>"; };
		1FBA1A2C1DFBE3F200D1297C /* blending_sorted.vs */ = {isa = PBXFileReference; lastKnownFileType = sourcecode.glsl; path = blending_sorted.vs; sourceTree = "<group>"; };
		1FBA1A2D1DFBE3F800D1297C /* blending_sorted.cpp */ = {isa = PBXFileReference; fileEncoding = 4; lastKnownFileType = sourcecode.cpp.cpp; path = blending_sorted.cpp; sourceTree = "<group>"; };
		1FBA1A311DFBEAD300D1297C /* window.png */ = {isa = PBXFileReference; lastKnownFileType = image.png; path = window.png; sourceTree = "<group>"; };
		1FBA1A331DFBF30400D1297C /* framebuffers_screen_texture.cpp */ = {isa = PBXFileReference; fileEncoding = 4; lastKnownFileType = sourcecode.cpp.cpp; path = framebuffers_screen_texture.cpp; sourceTree = "<group>"; };
		1FBA1A351DFBF30B00D1297C /* framebuffers_screen.frag */ = {isa = PBXFileReference; lastKnownFileType = sourcecode.glsl; path = framebuffers_screen.frag; sourceTree = "<group>"; };
		1FBA1A361DFBF30B00D1297C /* framebuffers_screen.vs */ = {isa = PBXFileReference; lastKnownFileType = sourcecode.glsl; path = framebuffers_screen.vs; sourceTree = "<group>"; };
		1FBA1A371DFBF30B00D1297C /* framebuffers.frag */ = {isa = PBXFileReference; lastKnownFileType = sourcecode.glsl; path = framebuffers.frag; sourceTree = "<group>"; };
		1FBA1A381DFBF30B00D1297C /* framebuffers.vs */ = {isa = PBXFileReference; lastKnownFileType = sourcecode.glsl; path = framebuffers.vs; sourceTree = "<group>"; };
		840C0EC41DF144AA00B25EB1 /* MYLearnOpenGL */ = {isa = PBXFileReference; explicitFileType = "compiled.mach-o.executable"; includeInIndex = 0; path = MYLearnOpenGL; sourceTree = BUILT_PRODUCTS_DIR; };
		840C0ECF1DF1451700B25EB1 /* IOKit.framework */ = {isa = PBXFileReference; lastKnownFileType = wrapper.framework; name = IOKit.framework; path = System/Library/Frameworks/IOKit.framework; sourceTree = SDKROOT; };
		840C0ED11DF1452100B25EB1 /* OpenGL.framework */ = {isa = PBXFileReference; lastKnownFileType = wrapper.framework; name = OpenGL.framework; path = System/Library/Frameworks/OpenGL.framework; sourceTree = SDKROOT; };
		840C0ED31DF1452B00B25EB1 /* CoreVideo.framework */ = {isa = PBXFileReference; lastKnownFileType = wrapper.framework; name = CoreVideo.framework; path = System/Library/Frameworks/CoreVideo.framework; sourceTree = SDKROOT; };
		840C0ED51DF1453200B25EB1 /* Cocoa.framework */ = {isa = PBXFileReference; lastKnownFileType = wrapper.framework; name = Cocoa.framework; path = System/Library/Frameworks/Cocoa.framework; sourceTree = SDKROOT; };
		840C0EDC1DF1467900B25EB1 /* libGLEW.a */ = {isa = PBXFileReference; lastKnownFileType = archive.ar; name = libGLEW.a; path = MYLearnOpenGL/lib/libGLEW.a; sourceTree = "<group>"; };
		840C0EDD1DF1467900B25EB1 /* libglfw3.a */ = {isa = PBXFileReference; lastKnownFileType = archive.ar; name = libglfw3.a; path = MYLearnOpenGL/lib/libglfw3.a; sourceTree = "<group>"; };
		840C0EDE1DF1467900B25EB1 /* libSOIL.a */ = {isa = PBXFileReference; lastKnownFileType = archive.ar; name = libSOIL.a; path = MYLearnOpenGL/lib/libSOIL.a; sourceTree = "<group>"; };
		842D09021DF6538200015665 /* materials.frag */ = {isa = PBXFileReference; lastKnownFileType = sourcecode.glsl; path = materials.frag; sourceTree = "<group>"; };
		842D09031DF6538200015665 /* materials.vs */ = {isa = PBXFileReference; lastKnownFileType = sourcecode.glsl; path = materials.vs; sourceTree = "<group>"; };
		842D09081DF65EEF00015665 /* container2_specular.png */ = {isa = PBXFileReference; lastKnownFileType = image.png; path = container2_specular.png; sourceTree = "<group>"; };
		842D09091DF65EEF00015665 /* container2.png */ = {isa = PBXFileReference; lastKnownFileType = image.png; path = container2.png; sourceTree = "<group>"; };
		842D090C1DF6698A00015665 /* lighting_specular.png */ = {isa = PBXFileReference; lastKnownFileType = image.png; path = lighting_specular.png; sourceTree = "<group>"; };
		842D090E1DF66A4E00015665 /* matrix.jpg */ = {isa = PBXFileReference; lastKnownFileType = image.jpeg; path = matrix.jpg; sourceTree = "<group>"; };
/* End PBXFileReference section */

/* Begin PBXFrameworksBuildPhase section */
		840C0EC11DF144AA00B25EB1 /* Frameworks */ = {
			isa = PBXFrameworksBuildPhase;
			buildActionMask = 2147483647;
			files = (
				840C0EDF1DF1467900B25EB1 /* libGLEW.a in Frameworks */,
				840C0ED61DF1453200B25EB1 /* Cocoa.framework in Frameworks */,
				1FBA1A0D1DFBBF9700D1297C /* libassimp.3.1.1.dylib in Frameworks */,
				840C0EE11DF1467900B25EB1 /* libSOIL.a in Frameworks */,
				840C0ED41DF1452B00B25EB1 /* CoreVideo.framework in Frameworks */,
				840C0ED21DF1452100B25EB1 /* OpenGL.framework in Frameworks */,
				840C0ED01DF1451700B25EB1 /* IOKit.framework in Frameworks */,
				840C0EE01DF1467900B25EB1 /* libglfw3.a in Frameworks */,
			);
			runOnlyForDeploymentPostprocessing = 0;
		};
/* End PBXFrameworksBuildPhase section */

/* Begin PBXGroup section */
		1F10DCA51DF3E91000BEF58E /* resources */ = {
			isa = PBXGroup;
			children = (
				1F212ED11DF863DB005FE3A8 /* objects */,
				1F10DCD11DF3E91000BEF58E /* textures */,
			);
			path = resources;
			sourceTree = "<group>";
		};
		1F10DCD11DF3E91000BEF58E /* textures */ = {
			isa = PBXGroup;
			children = (
				1FBA1A311DFBEAD300D1297C /* window.png */,
				1FBA1A251DFBDFE300D1297C /* grass.png */,
				1FBA1A111DFBC2EE00D1297C /* marble.jpg */,
				1FBA1A121DFBC2EE00D1297C /* metal.png */,
				842D090E1DF66A4E00015665 /* matrix.jpg */,
				842D090C1DF6698A00015665 /* lighting_specular.png */,
				842D09081DF65EEF00015665 /* container2_specular.png */,
				842D09091DF65EEF00015665 /* container2.png */,
				1F10DCD21DF3E91000BEF58E /* awesomeface.png */,
				1F10DCD31DF3E91000BEF58E /* container.jpg */,
			);
			path = textures;
			sourceTree = "<group>";
		};
		1F212ED11DF863DB005FE3A8 /* objects */ = {
			isa = PBXGroup;
			children = (
				1F212F191DF869B2005FE3A8 /* nanosuit */,
			);
			path = objects;
			sourceTree = "<group>";
		};
		1F212F191DF869B2005FE3A8 /* nanosuit */ = {
			isa = PBXGroup;
			children = (
				1F212F1A1DF869B2005FE3A8 /* arm_dif.png */,
				1F212F1B1DF869B2005FE3A8 /* arm_showroom_ddn.png */,
				1F212F1C1DF869B2005FE3A8 /* arm_showroom_refl.png */,
				1F212F1D1DF869B2005FE3A8 /* arm_showroom_spec.png */,
				1F212F1E1DF869B2005FE3A8 /* back.jpg */,
				1F212F1F1DF869B2005FE3A8 /* body_dif.png */,
				1F212F201DF869B2005FE3A8 /* body_showroom_ddn.png */,
				1F212F211DF869B2005FE3A8 /* body_showroom_refl.png */,
				1F212F221DF869B2005FE3A8 /* body_showroom_spec.png */,
				1F212F231DF869B2005FE3A8 /* cell_arm_alpha.png */,
				1F212F241DF869B2005FE3A8 /* cell_body_alpha.png */,
				1F212F251DF869B2005FE3A8 /* cell_ddn.png */,
				1F212F261DF869B2005FE3A8 /* cell_hand_alpha.png */,
				1F212F271DF869B2005FE3A8 /* cell_helmet_alpha.png */,
				1F212F281DF869B2005FE3A8 /* cell_leg_alpha.png */,
				1F212F291DF869B2005FE3A8 /* front.jpg */,
				1F212F2A1DF869B2005FE3A8 /* glass_ddn.png */,
				1F212F2B1DF869B2005FE3A8 /* glass_dif.png */,
				1F212F2C1DF869B2005FE3A8 /* glass_refl.png */,
				1F212F2D1DF869B2005FE3A8 /* hand_dif.png */,
				1F212F2E1DF869B2005FE3A8 /* hand_showroom_ddn.png */,
				1F212F2F1DF869B2005FE3A8 /* hand_showroom_refl.png */,
				1F212F301DF869B2005FE3A8 /* hand_showroom_spec.png */,
				1F212F311DF869B2005FE3A8 /* helmet_diff.png */,
				1F212F321DF869B2005FE3A8 /* helmet_showroom_ddn.png */,
				1F212F331DF869B2005FE3A8 /* helmet_showroom_refl.png */,
				1F212F341DF869B2005FE3A8 /* helmet_showroom_spec.png */,
				1F212F351DF869B2005FE3A8 /* leg_dif.png */,
				1F212F361DF869B2005FE3A8 /* leg_showroom_ddn.png */,
				1F212F371DF869B2005FE3A8 /* leg_showroom_refl.png */,
				1F212F381DF869B2005FE3A8 /* leg_showroom_spec.png */,
				1F212F391DF869B2005FE3A8 /* nanosuit.blend */,
				1F212F3A1DF869B2005FE3A8 /* nanosuit.mtl */,
				1F212F3B1DF869B2005FE3A8 /* nanosuit.obj */,
			);
			path = nanosuit;
			sourceTree = "<group>";
		};
		1F7AEA2D1DF7241D00D792E0 /* ModelLoading */ = {
			isa = PBXGroup;
			children = (
				1F7AEA2E1DF7242700D792E0 /* model_rendered.cpp */,
				1F7AEA2F1DF7242700D792E0 /* shader.frag */,
				1F7AEA301DF7242700D792E0 /* shader.vs */,
			);
			path = ModelLoading;
			sourceTree = "<group>";
		};
		1F8100761DF424C300033213 /* Start */ = {
			isa = PBXGroup;
			children = (
				1F81007C1DF424C300033213 /* hellotriangle.cpp */,
				1F81007D1DF424C300033213 /* hellowindow2.cpp */,
				1F81007E1DF424C300033213 /* mytextures.cpp */,
				1F8100831DF424C300033213 /* transformations.cpp */,
				1F8100791DF424C300033213 /* coordinate.cpp */,
				1F8100771DF424C300033213 /* basic.frag */,
				1F8100781DF424C300033213 /* basic.vs */,
				1F81007A1DF424C300033213 /* coordinate.frag */,
				1F81007B1DF424C300033213 /* coordinate.vs */,
				1F81007F1DF424C300033213 /* texture.frag */,
				1F8100801DF424C300033213 /* texture.vs */,
				1F8100811DF424C300033213 /* transform.frag */,
				1F8100821DF424C300033213 /* transform.vs */,
			);
			path = Start;
			sourceTree = "<group>";
		};
		1F8100841DF4253300033213 /* Lighting */ = {
			isa = PBXGroup;
			children = (
				1F7AEA251DF710FA00D792E0 /* myMultipleLights.cpp */,
				1F7AEA271DF7116100D792E0 /* multiple_lights.frag */,
				1F7AEA281DF7116100D792E0 /* multiple_lights.vs */,
				842D09021DF6538200015665 /* materials.frag */,
				842D09031DF6538200015665 /* materials.vs */,
				1F81008F1DF4403100033213 /* lighting.frag */,
				1F8100901DF4403100033213 /* lighting.vs */,
				1F8100871DF427A200033213 /* colors.frag */,
				1F8100881DF427A200033213 /* colors.vs */,
				1F8100891DF427A200033213 /* lamp.frag */,
				1F81008A1DF427A200033213 /* lamp.vs */,
				1F8100851DF425E400033213 /* mylighting.cpp */,
			);
			path = Lighting;
			sourceTree = "<group>";
		};
		1FBA1A0E1DFBC1B400D1297C /* AdvancedOpenGL */ = {
			isa = PBXGroup;
			children = (
				1FBA1A331DFBF30400D1297C /* framebuffers_screen_texture.cpp */,
				1FBA1A351DFBF30B00D1297C /* framebuffers_screen.frag */,
				1FBA1A361DFBF30B00D1297C /* framebuffers_screen.vs */,
				1FBA1A371DFBF30B00D1297C /* framebuffers.frag */,
				1FBA1A381DFBF30B00D1297C /* framebuffers.vs */,
				1FBA1A2D1DFBE3F800D1297C /* blending_sorted.cpp */,
				1FBA1A2B1DFBE3F200D1297C /* blending_sorted.frag */,
				1FBA1A2C1DFBE3F200D1297C /* blending_sorted.vs */,
				1FBA1A211DFBDEBD00D1297C /* blending_discard.cpp */,
				1FBA1A221DFBDEBD00D1297C /* blending_discard.frag */,
				1FBA1A231DFBDEBD00D1297C /* blending_discard.vs */,
				1FBA1A191DFBD42600D1297C /* stencil_single_color.frag */,
				1FBA1A1A1DFBD42600D1297C /* stencil_testing.frag */,
				1FBA1A1B1DFBD42600D1297C /* stencil_testing.vs */,
				1FBA1A1C1DFBD42600D1297C /* stencilTesting.cpp */,
				1FBA1A0F1DFBC21200D1297C /* depthTestingFunc.cpp */,
				1FBA1A131DFBC32600D1297C /* depth_testing.frag */,
				1FBA1A141DFBC32600D1297C /* depth_testing.vs */,
			);
			path = AdvancedOpenGL;
			sourceTree = "<group>";
		};
		840C0EBB1DF144AA00B25EB1 = {
			isa = PBXGroup;
			children = (
				840C0EC61DF144AA00B25EB1 /* MYLearnOpenGL */,
				840C0EC51DF144AA00B25EB1 /* Products */,
				840C0ECE1DF1451700B25EB1 /* Frameworks */,
			);
			sourceTree = "<group>";
		};
		840C0EC51DF144AA00B25EB1 /* Products */ = {
			isa = PBXGroup;
			children = (
				840C0EC41DF144AA00B25EB1 /* MYLearnOpenGL */,
			);
			name = Products;
			sourceTree = "<group>";
		};
		840C0EC61DF144AA00B25EB1 /* MYLearnOpenGL */ = {
			isa = PBXGroup;
			children = (
				1FBA1A0E1DFBC1B400D1297C /* AdvancedOpenGL */,
				1F7AEA2D1DF7241D00D792E0 /* ModelLoading */,
				1F8100841DF4253300033213 /* Lighting */,
				1F8100761DF424C300033213 /* Start */,
				1F10DCA51DF3E91000BEF58E /* resources */,
			);
			path = MYLearnOpenGL;
			sourceTree = "<group>";
		};
		840C0ECE1DF1451700B25EB1 /* Frameworks */ = {
			isa = PBXGroup;
			children = (
				1FBA1A0C1DFBBF9700D1297C /* libassimp.3.1.1.dylib */,
				840C0EDC1DF1467900B25EB1 /* libGLEW.a */,
				840C0EDD1DF1467900B25EB1 /* libglfw3.a */,
				840C0EDE1DF1467900B25EB1 /* libSOIL.a */,
				840C0ED51DF1453200B25EB1 /* Cocoa.framework */,
				840C0ED31DF1452B00B25EB1 /* CoreVideo.framework */,
				840C0ED11DF1452100B25EB1 /* OpenGL.framework */,
				840C0ECF1DF1451700B25EB1 /* IOKit.framework */,
			);
			name = Frameworks;
			sourceTree = "<group>";
		};
/* End PBXGroup section */

/* Begin PBXNativeTarget section */
		840C0EC31DF144AA00B25EB1 /* MYLearnOpenGL */ = {
			isa = PBXNativeTarget;
			buildConfigurationList = 840C0ECB1DF144AA00B25EB1 /* Build configuration list for PBXNativeTarget "MYLearnOpenGL" */;
			buildPhases = (
				840C0EC01DF144AA00B25EB1 /* Sources */,
				840C0EC11DF144AA00B25EB1 /* Frameworks */,
				840C0EC21DF144AA00B25EB1 /* CopyFiles */,
			);
			buildRules = (
			);
			dependencies = (
			);
			name = MYLearnOpenGL;
			productName = MYLearnOpenGL;
			productReference = 840C0EC41DF144AA00B25EB1 /* MYLearnOpenGL */;
			productType = "com.apple.product-type.tool";
		};
/* End PBXNativeTarget section */

/* Begin PBXProject section */
		840C0EBC1DF144AA00B25EB1 /* Project object */ = {
			isa = PBXProject;
			attributes = {
				LastUpgradeCheck = 0810;
				ORGANIZATIONNAME = zsr;
				TargetAttributes = {
					840C0EC31DF144AA00B25EB1 = {
						CreatedOnToolsVersion = 8.0;
						ProvisioningStyle = Automatic;
					};
				};
			};
			buildConfigurationList = 840C0EBF1DF144AA00B25EB1 /* Build configuration list for PBXProject "MYLearnOpenGL" */;
			compatibilityVersion = "Xcode 3.2";
			developmentRegion = English;
			hasScannedForEncodings = 0;
			knownRegions = (
				en,
			);
			mainGroup = 840C0EBB1DF144AA00B25EB1;
			productRefGroup = 840C0EC51DF144AA00B25EB1 /* Products */;
			projectDirPath = "";
			projectRoot = "";
			targets = (
				840C0EC31DF144AA00B25EB1 /* MYLearnOpenGL */,
			);
		};
/* End PBXProject section */

/* Begin PBXSourcesBuildPhase section */
		840C0EC01DF144AA00B25EB1 /* Sources */ = {
			isa = PBXSourcesBuildPhase;
			buildActionMask = 2147483647;
			files = (
				1FBA1A341DFBF30400D1297C /* framebuffers_screen_texture.cpp in Sources */,
			);
			runOnlyForDeploymentPostprocessing = 0;
		};
/* End PBXSourcesBuildPhase section */

/* Begin XCBuildConfiguration section */
		840C0EC91DF144AA00B25EB1 /* Debug */ = {
			isa = XCBuildConfiguration;
			buildSettings = {
				ALWAYS_SEARCH_USER_PATHS = NO;
				CLANG_ANALYZER_NONNULL = YES;
				CLANG_CXX_LANGUAGE_STANDARD = "gnu++0x";
				CLANG_CXX_LIBRARY = "libc++";
				CLANG_ENABLE_MODULES = YES;
				CLANG_ENABLE_OBJC_ARC = YES;
				CLANG_WARN_BOOL_CONVERSION = YES;
				CLANG_WARN_CONSTANT_CONVERSION = YES;
				CLANG_WARN_DIRECT_OBJC_ISA_USAGE = YES_ERROR;
				CLANG_WARN_DOCUMENTATION_COMMENTS = YES;
				CLANG_WARN_EMPTY_BODY = YES;
				CLANG_WARN_ENUM_CONVERSION = YES;
				CLANG_WARN_INFINITE_RECURSION = YES;
				CLANG_WARN_INT_CONVERSION = YES;
				CLANG_WARN_OBJC_ROOT_CLASS = YES_ERROR;
				CLANG_WARN_SUSPICIOUS_MOVES = YES;
				CLANG_WARN_UNREACHABLE_CODE = YES;
				CLANG_WARN__DUPLICATE_METHOD_MATCH = YES;
				CODE_SIGN_IDENTITY = "-";
				COPY_PHASE_STRIP = NO;
				DEBUG_INFORMATION_FORMAT = dwarf;
				ENABLE_STRICT_OBJC_MSGSEND = YES;
				ENABLE_TESTABILITY = YES;
				GCC_C_LANGUAGE_STANDARD = gnu99;
				GCC_DYNAMIC_NO_PIC = NO;
				GCC_NO_COMMON_BLOCKS = YES;
				GCC_OPTIMIZATION_LEVEL = 0;
				GCC_PREPROCESSOR_DEFINITIONS = (
					"DEBUG=1",
					"$(inherited)",
				);
				GCC_WARN_64_TO_32_BIT_CONVERSION = YES;
				GCC_WARN_ABOUT_RETURN_TYPE = YES_ERROR;
				GCC_WARN_UNDECLARED_SELECTOR = YES;
				GCC_WARN_UNINITIALIZED_AUTOS = YES_AGGRESSIVE;
				GCC_WARN_UNUSED_FUNCTION = YES;
				GCC_WARN_UNUSED_VARIABLE = YES;
				HEADER_SEARCH_PATHS = /Users/admin/Desktop/project/openGL/MYLearnOpenGL/MYLearnOpenGL/MYLearnOpenGL/include;
				MACOSX_DEPLOYMENT_TARGET = 10.11;
				MTL_ENABLE_DEBUG_INFO = YES;
				ONLY_ACTIVE_ARCH = YES;
				SDKROOT = macosx;
			};
			name = Debug;
		};
		840C0ECA1DF144AA00B25EB1 /* Release */ = {
			isa = XCBuildConfiguration;
			buildSettings = {
				ALWAYS_SEARCH_USER_PATHS = NO;
				CLANG_ANALYZER_NONNULL = YES;
				CLANG_CXX_LANGUAGE_STANDARD = "gnu++0x";
				CLANG_CXX_LIBRARY = "libc++";
				CLANG_ENABLE_MODULES = YES;
				CLANG_ENABLE_OBJC_ARC = YES;
				CLANG_WARN_BOOL_CONVERSION = YES;
				CLANG_WARN_CONSTANT_CONVERSION = YES;
				CLANG_WARN_DIRECT_OBJC_ISA_USAGE = YES_ERROR;
				CLANG_WARN_DOCUMENTATION_COMMENTS = YES;
				CLANG_WARN_EMPTY_BODY = YES;
				CLANG_WARN_ENUM_CONVERSION = YES;
				CLANG_WARN_INFINITE_RECURSION = YES;
				CLANG_WARN_INT_CONVERSION = YES;
				CLANG_WARN_OBJC_ROOT_CLASS = YES_ERROR;
				CLANG_WARN_SUSPICIOUS_MOVES = YES;
				CLANG_WARN_UNREACHABLE_CODE = YES;
				CLANG_WARN__DUPLICATE_METHOD_MATCH = YES;
				CODE_SIGN_IDENTITY = "-";
				COPY_PHASE_STRIP = NO;
				DEBUG_INFORMATION_FORMAT = "dwarf-with-dsym";
				ENABLE_NS_ASSERTIONS = NO;
				ENABLE_STRICT_OBJC_MSGSEND = YES;
				GCC_C_LANGUAGE_STANDARD = gnu99;
				GCC_NO_COMMON_BLOCKS = YES;
				GCC_WARN_64_TO_32_BIT_CONVERSION = YES;
				GCC_WARN_ABOUT_RETURN_TYPE = YES_ERROR;
				GCC_WARN_UNDECLARED_SELECTOR = YES;
				GCC_WARN_UNINITIALIZED_AUTOS = YES_AGGRESSIVE;
				GCC_WARN_UNUSED_FUNCTION = YES;
				GCC_WARN_UNUSED_VARIABLE = YES;
				HEADER_SEARCH_PATHS = /Users/admin/Desktop/project/openGL/MYLearnOpenGL/MYLearnOpenGL/MYLearnOpenGL/include;
				MACOSX_DEPLOYMENT_TARGET = 10.11;
				MTL_ENABLE_DEBUG_INFO = NO;
				SDKROOT = macosx;
			};
			name = Release;
		};
		840C0ECC1DF144AA00B25EB1 /* Debug */ = {
			isa = XCBuildConfiguration;
			buildSettings = {
				FRAMEWORK_SEARCH_PATHS = "$(PROJECT_DIR)/MYLearnOpenGL/lib";
				HEADER_SEARCH_PATHS = "$(PROJECT_DIR)/MYLearnOpenGL/include";
				LIBRARY_SEARCH_PATHS = (
					"$(inherited)",
					"$(PROJECT_DIR)/MYLearnOpenGL/lib",
					"$(PROJECT_DIR)",
				);
				PRODUCT_NAME = "$(TARGET_NAME)";
			};
			name = Debug;
		};
		840C0ECD1DF144AA00B25EB1 /* Release */ = {
			isa = XCBuildConfiguration;
			buildSettings = {
				FRAMEWORK_SEARCH_PATHS = "$(PROJECT_DIR)/MYLearnOpenGL/lib";
				HEADER_SEARCH_PATHS = "$(PROJECT_DIR)/MYLearnOpenGL/include";
				LIBRARY_SEARCH_PATHS = (
					"$(inherited)",
					"$(PROJECT_DIR)/MYLearnOpenGL/lib",
					"$(PROJECT_DIR)",
				);
				PRODUCT_NAME = "$(TARGET_NAME)";
			};
			name = Release;
		};
/* End XCBuildConfiguration section */

/* Begin XCConfigurationList section */
		840C0EBF1DF144AA00B25EB1 /* Build configuration list for PBXProject "MYLearnOpenGL" */ = {
			isa = XCConfigurationList;
			buildConfigurations = (
				840C0EC91DF144AA00B25EB1 /* Debug */,
				840C0ECA1DF144AA00B25EB1 /* Release */,
			);
			defaultConfigurationIsVisible = 0;
			defaultConfigurationName = Release;
		};
		840C0ECB1DF144AA00B25EB1 /* Build configuration list for PBXNativeTarget "MYLearnOpenGL" */ = {
			isa = XCConfigurationList;
			buildConfigurations = (
				840C0ECC1DF144AA00B25EB1 /* Debug */,
				840C0ECD1DF144AA00B25EB1 /* Release */,
			);
			defaultConfigurationIsVisible = 0;
			defaultConfigurationName = Release;
		};
/* End XCConfigurationList section */
	};
	rootObject = 840C0EBC1DF144AA00B25EB1 /* Project object */;
}
